
Microsoft Visual Studio Solution File, Format Version 12.00
# Visual Studio 2012
Project("{FAE04EC0-301F-11D3-BF4B-00C04F79EFBC}") = "SmartAdmin.Gerador.v1", "SmartAdmin.Gerador.v1.csproj", "{646CEE3E-30D7-4F65-A78F-73AC82E89805}"
EndProject
Project("{2150E333-8FDC-42A3-9474-1A3956D46DE8}") = "0 - Gerador", "0 - Gerador", "{2062740D-1E2E-4031-8E19-4C2632F5C4CA}"
EndProject
Project("{2150E333-8FDC-42A3-9474-1A3956D46DE8}") = "1 - Data", "1 - Data", "{413C9FEE-6171-486E-B1BA-F8A068E7EE10}"
EndProject
Project("{2150E333-8FDC-42A3-9474-1A3956D46DE8}") = "2 - Domain", "2 - Domain", "{BBA9D2F0-7B88-44B0-A6F2-E72AFE083389}"
EndProject
Project("{2150E333-8FDC-42A3-9474-1A3956D46DE8}") = "3 - Presentation", "3 - Presentation", "{B7280A2C-BF85-47F4-A9F7-49661F9AE1C9}"
EndProject
Project("{FAE04EC0-301F-11D3-BF4B-00C04F79EFBC}") = "SmartAdmin.Data", "..\SmartAdmin.Data\SmartAdmin.Data.csproj", "{9C3F61BB-073B-4D19-9CBB-10AD681B009E}"
EndProject
Project("{FAE04EC0-301F-11D3-BF4B-00C04F79EFBC}") = "SmartAdmin.Domain", "..\SmartAdmin.Domain\SmartAdmin.Domain.csproj", "{C28F1863-E1BA-4094-B896-8632BA25F82F}"
EndProject
Project("{2150E333-8FDC-42A3-9474-1A3956D46DE8}") = "4 - UnitTest", "4 - UnitTest", "{5F37AEDD-D783-42B4-B741-DBCFBFA6D703}"
EndProject
Project("{FAE04EC0-301F-11D3-BF4B-00C04F79EFBC}") = "SmartAdmin.UnitTest", "..\SmartAdmin.UnitTest\SmartAdmin.UnitTest.csproj", "{D6D51158-5314-4E81-878C-8DB7CBB738BC}"
EndProject
Global
	GlobalSection(SolutionConfigurationPlatforms) = preSolution
		Debug|Any CPU = Debug|Any CPU
		Release|Any CPU = Release|Any CPU
	EndGlobalSection
	GlobalSection(ProjectConfigurationPlatforms) = postSolution
		{646CEE3E-30D7-4F65-A78F-73AC82E89805}.Debug|Any CPU.ActiveCfg = Debug|Any CPU
		{646CEE3E-30D7-4F65-A78F-73AC82E89805}.Debug|Any CPU.Build.0 = Debug|Any CPU
		{646CEE3E-30D7-4F65-A78F-73AC82E89805}.Release|Any CPU.ActiveCfg = Release|Any CPU
		{646CEE3E-30D7-4F65-A78F-73AC82E89805}.Release|Any CPU.Build.0 = Release|Any CPU
		{9C3F61BB-073B-4D19-9CBB-10AD681B009E}.Debug|Any CPU.ActiveCfg = Debug|Any CPU
		{9C3F61BB-073B-4D19-9CBB-10AD681B009E}.Debug|Any CPU.Build.0 = Debug|Any CPU
		{9C3F61BB-073B-4D19-9CBB-10AD681B009E}.Release|Any CPU.ActiveCfg = Release|Any CPU
		{9C3F61BB-073B-4D19-9CBB-10AD681B009E}.Release|Any CPU.Build.0 = Release|Any CPU
		{C28F1863-E1BA-4094-B896-8632BA25F82F}.Debug|Any CPU.ActiveCfg = Debug|Any CPU
		{C28F1863-E1BA-4094-B896-8632BA25F82F}.Debug|Any CPU.Build.0 = Debug|Any CPU
		{C28F1863-E1BA-4094-B896-8632BA25F82F}.Release|Any CPU.ActiveCfg = Release|Any CPU
		{C28F1863-E1BA-4094-B896-8632BA25F82F}.Release|Any CPU.Build.0 = Release|Any CPU
		{D6D51158-5314-4E81-878C-8DB7CBB738BC}.Debug|Any CPU.ActiveCfg = Debug|Any CPU
		{D6D51158-5314-4E81-878C-8DB7CBB738BC}.Debug|Any CPU.Build.0 = Debug|Any CPU
		{D6D51158-5314-4E81-878C-8DB7CBB738BC}.Release|Any CPU.ActiveCfg = Release|Any CPU
		{D6D51158-5314-4E81-878C-8DB7CBB738BC}.Release|Any CPU.Build.0 = Release|Any CPU
	EndGlobalSection
	GlobalSection(SolutionProperties) = preSolution
		HideSolutionNode = FALSE
	EndGlobalSection
	GlobalSection(NestedProjects) = preSolution
		{646CEE3E-30D7-4F65-A78F-73AC82E89805} = {2062740D-1E2E-4031-8E19-4C2632F5C4CA}
		{9C3F61BB-073B-4D19-9CBB-10AD681B009E} = {413C9FEE-6171-486E-B1BA-F8A068E7EE10}
		{C28F1863-E1BA-4094-B896-8632BA25F82F} = {BBA9D2F0-7B88-44B0-A6F2-E72AFE083389}
		{D6D51158-5314-4E81-878C-8DB7CBB738BC} = {5F37AEDD-D783-42B4-B741-DBCFBFA6D703}
	EndGlobalSection
EndGlobal
